
Microsoft Visual Studio Solution File, Format Version 12.00
# Visual Studio Version 17
VisualStudioVersion = 17.10.34707.107
MinimumVisualStudioVersion = 10.0.40219.1
Project("{FAE04EC0-301F-11D3-BF4B-00C04F79EFBC}") = "Bakabase.Tool.FixFileMoverPadding", "Bakabase.Tool.FixFileMoverPadding.csproj", "{C3C89E91-71C0-4BFE-8092-BEDA5B7BFAA8}"
EndProject
Global
	GlobalSection(SolutionConfigurationPlatforms) = preSolution
		Debug|Any CPU = Debug|Any CPU
		Release|Any CPU = Release|Any CPU
	EndGlobalSection
	GlobalSection(ProjectConfigurationPlatforms) = postSolution
		{C3C89E91-71C0-4BFE-8092-BEDA5B7BFAA8}.Debug|Any CPU.ActiveCfg = Debug|Any CPU
		{C3C89E91-71C0-4BFE-8092-BEDA5B7BFAA8}.Debug|Any CPU.Build.0 = Debug|Any CPU
		{C3C89E91-71C0-4BFE-8092-BEDA5B7BFAA8}.Release|Any CPU.ActiveCfg = Release|Any CPU
		{C3C89E91-71C0-4BFE-8092-BEDA5B7BFAA8}.Release|Any CPU.Build.0 = Release|Any CPU
	EndGlobalSection
	GlobalSection(SolutionProperties) = preSolution
		HideSolutionNode = FALSE
	EndGlobalSection
	GlobalSection(ExtensibilityGlobals) = postSolution
		SolutionGuid = {89BB29A4-3AFC-4CB8-A762-3A283B941E61}
	EndGlobalSection
EndGlobal
